
Microsoft Visual Studio Solution File, Format Version 12.00
# Visual Studio Version 17
VisualStudioVersion = 17.9.34616.47
MinimumVisualStudioVersion = 10.0.40219.1
Project("{9A19103F-16F7-4668-BE54-9A1E7A4F7556}") = "WebApi", "WebApi\WebApi.csproj", "{5F919947-8AAB-43B2-9071-96815628E495}"
EndProject
Project("{FAE04EC0-301F-11D3-BF4B-00C04F79EFBC}") = "Infrastructure", "Infrastructure\Infrastructure.csproj", "{30828F0A-F8B5-4C5A-9B39-3F2781C631BA}"
EndProject
Global
	GlobalSection(SolutionConfigurationPlatforms) = preSolution
		Debug|Any CPU = Debug|Any CPU
		Release|Any CPU = Release|Any CPU
	EndGlobalSection
	GlobalSection(ProjectConfigurationPlatforms) = postSolution
		{5F919947-8AAB-43B2-9071-96815628E495}.Debug|Any CPU.ActiveCfg = Debug|Any CPU
		{5F919947-8AAB-43B2-9071-96815628E495}.Debug|Any CPU.Build.0 = Debug|Any CPU
		{5F919947-8AAB-43B2-9071-96815628E495}.Release|Any CPU.ActiveCfg = Release|Any CPU
		{5F919947-8AAB-43B2-9071-96815628E495}.Release|Any CPU.Build.0 = Release|Any CPU
		{30828F0A-F8B5-4C5A-9B39-3F2781C631BA}.Debug|Any CPU.ActiveCfg = Debug|Any CPU
		{30828F0A-F8B5-4C5A-9B39-3F2781C631BA}.Debug|Any CPU.Build.0 = Debug|Any CPU
		{30828F0A-F8B5-4C5A-9B39-3F2781C631BA}.Release|Any CPU.ActiveCfg = Release|Any CPU
		{30828F0A-F8B5-4C5A-9B39-3F2781C631BA}.Release|Any CPU.Build.0 = Release|Any CPU
	EndGlobalSection
	GlobalSection(SolutionProperties) = preSolution
		HideSolutionNode = FALSE
	EndGlobalSection
	GlobalSection(ExtensibilityGlobals) = postSolution
		SolutionGuid = {0E070660-7F47-4C49-B291-B51CA0FBEE7B}
	EndGlobalSection
EndGlobal
